
Microsoft Visual Studio Solution File, Format Version 12.00
# Visual Studio Version 17
VisualStudioVersion = 17.5.002.0
MinimumVisualStudioVersion = 10.0.40219.1
Project("{9A19103F-16F7-4668-BE54-9A1E7A4F7556}") = "TSAPI", "TSAPI.csproj", "{12C7EB96-BAF8-4769-85C0-1E2524CF6482}"
EndProject
Global
	GlobalSection(SolutionConfigurationPlatforms) = preSolution
		Debug|Any CPU = Debug|Any CPU
		Release|Any CPU = Release|Any CPU
	EndGlobalSection
	GlobalSection(ProjectConfigurationPlatforms) = postSolution
		{12C7EB96-BAF8-4769-85C0-1E2524CF6482}.Debug|Any CPU.ActiveCfg = Debug|Any CPU
		{12C7EB96-BAF8-4769-85C0-1E2524CF6482}.Debug|Any CPU.Build.0 = Debug|Any CPU
		{12C7EB96-BAF8-4769-85C0-1E2524CF6482}.Release|Any CPU.ActiveCfg = Release|Any CPU
		{12C7EB96-BAF8-4769-85C0-1E2524CF6482}.Release|Any CPU.Build.0 = Release|Any CPU
	EndGlobalSection
	GlobalSection(SolutionProperties) = preSolution
		HideSolutionNode = FALSE
	EndGlobalSection
	GlobalSection(ExtensibilityGlobals) = postSolution
		SolutionGuid = {77D1CF98-8D8C-437A-92E7-2FF203C3486D}
	EndGlobalSection
EndGlobal
